
Microsoft Visual Studio Solution File, Format Version 12.00
# Visual Studio Version 17
VisualStudioVersion = 17.14.36623.8 d17.14
MinimumVisualStudioVersion = 10.0.40219.1
Project("{FAE04EC0-301F-11D3-BF4B-00C04F79EFBC}") = "0.1_mainsubjects", "0.1_mainsubjects\0.1_mainsubjects.csproj", "{C1B3E39E-CDB7-4DE4-8F79-0307FF7B21C1}"
EndProject
Project("{FAE04EC0-301F-11D3-BF4B-00C04F79EFBC}") = "0.2_değişkenler", "0.2_değişkenler\0.2_değişkenler.csproj", "{1B08C12F-FE8F-41CC-84B9-DF6AEF4EE4DF}"
EndProject
Global
	GlobalSection(SolutionConfigurationPlatforms) = preSolution
		Debug|Any CPU = Debug|Any CPU
		Release|Any CPU = Release|Any CPU
	EndGlobalSection
	GlobalSection(ProjectConfigurationPlatforms) = postSolution
		{C1B3E39E-CDB7-4DE4-8F79-0307FF7B21C1}.Debug|Any CPU.ActiveCfg = Debug|Any CPU
		{C1B3E39E-CDB7-4DE4-8F79-0307FF7B21C1}.Debug|Any CPU.Build.0 = Debug|Any CPU
		{C1B3E39E-CDB7-4DE4-8F79-0307FF7B21C1}.Release|Any CPU.ActiveCfg = Release|Any CPU
		{C1B3E39E-CDB7-4DE4-8F79-0307FF7B21C1}.Release|Any CPU.Build.0 = Release|Any CPU
		{1B08C12F-FE8F-41CC-84B9-DF6AEF4EE4DF}.Debug|Any CPU.ActiveCfg = Debug|Any CPU
		{1B08C12F-FE8F-41CC-84B9-DF6AEF4EE4DF}.Debug|Any CPU.Build.0 = Debug|Any CPU
		{1B08C12F-FE8F-41CC-84B9-DF6AEF4EE4DF}.Release|Any CPU.ActiveCfg = Release|Any CPU
		{1B08C12F-FE8F-41CC-84B9-DF6AEF4EE4DF}.Release|Any CPU.Build.0 = Release|Any CPU
	EndGlobalSection
	GlobalSection(SolutionProperties) = preSolution
		HideSolutionNode = FALSE
	EndGlobalSection
	GlobalSection(ExtensibilityGlobals) = postSolution
		SolutionGuid = {849C3C62-FA8B-4237-8D44-AE230AACB4AA}
	EndGlobalSection
EndGlobal
